// !$*UTF8*$!
{
	archiveVersion = 1;
	classes = {
	};
	objectVersion = 55;
	objects = {

/* Begin PBXBuildFile section */
		7D1B00EF2903C3CD007FA9F4 /* HPRTMP in Frameworks */ = {isa = PBXBuildFile; productRef = 7D1B00EE2903C3CD007FA9F4 /* HPRTMP */; };
		7D8EE5432A49B7D8008E359E /* Help.swift in Sources */ = {isa = PBXBuildFile; fileRef = 7D8EE5422A49B7D8008E359E /* Help.swift */; };
		7D8EE5442A49B7D8008E359E /* Help.swift in Sources */ = {isa = PBXBuildFile; fileRef = 7D8EE5422A49B7D8008E359E /* Help.swift */; };
		7DE0F9702903AD6C00D08613 /* HPRTMPExampleApp.swift in Sources */ = {isa = PBXBuildFile; fileRef = 7DE0F9602903AD6B00D08613 /* HPRTMPExampleApp.swift */; };
		7DE0F9712903AD6C00D08613 /* HPRTMPExampleApp.swift in Sources */ = {isa = PBXBuildFile; fileRef = 7DE0F9602903AD6B00D08613 /* HPRTMPExampleApp.swift */; };
		7DE0F9722903AD6C00D08613 /* ContentView.swift in Sources */ = {isa = PBXBuildFile; fileRef = 7DE0F9612903AD6B00D08613 /* ContentView.swift */; };
		7DE0F9732903AD6C00D08613 /* ContentView.swift in Sources */ = {isa = PBXBuildFile; fileRef = 7DE0F9612903AD6B00D08613 /* ContentView.swift */; };
		7DE0F9742903AD6C00D08613 /* Assets.xcassets in Resources */ = {isa = PBXBuildFile; fileRef = 7DE0F9622903AD6C00D08613 /* Assets.xcassets */; };
		7DE0F9752903AD6C00D08613 /* Assets.xcassets in Resources */ = {isa = PBXBuildFile; fileRef = 7DE0F9622903AD6C00D08613 /* Assets.xcassets */; };
		7DE0F9812903AE4100D08613 /* RTMPService.swift in Sources */ = {isa = PBXBuildFile; fileRef = 7DE0F9802903AE4100D08613 /* RTMPService.swift */; };
		7DE0F9822903AE4100D08613 /* RTMPService.swift in Sources */ = {isa = PBXBuildFile; fileRef = 7DE0F9802903AE4100D08613 /* RTMPService.swift */; };
		7DE0F9862903AF5900D08613 /* HPRTMP in Frameworks */ = {isa = PBXBuildFile; productRef = 7DE0F9852903AF5900D08613 /* HPRTMP */; };
		DC3CA2602A96370F00A7D558 /* cloud9.mp4 in Resources */ = {isa = PBXBuildFile; fileRef = DC3CA25F2A96370F00A7D558 /* cloud9.mp4 */; };
		DC3CA2612A96370F00A7D558 /* cloud9.mp4 in Resources */ = {isa = PBXBuildFile; fileRef = DC3CA25F2A96370F00A7D558 /* cloud9.mp4 */; };
		DC8708C82A45FE0800F8D483 /* MP4Reader.swift in Sources */ = {isa = PBXBuildFile; fileRef = DC8708C72A45FE0800F8D483 /* MP4Reader.swift */; };
		DC8708CC2A46087700F8D483 /* MP4Reader.swift in Sources */ = {isa = PBXBuildFile; fileRef = DC8708C72A45FE0800F8D483 /* MP4Reader.swift */; };
/* End PBXBuildFile section */

/* Begin PBXFileReference section */
		7D1B00F02903C41D007FA9F4 /* HPRTMPExample--iOS--Info.plist */ = {isa = PBXFileReference; lastKnownFileType = text.plist; path = "HPRTMPExample--iOS--Info.plist"; sourceTree = "<group>"; };
		7D8EE5422A49B7D8008E359E /* Help.swift */ = {isa = PBXFileReference; lastKnownFileType = sourcecode.swift; path = Help.swift; sourceTree = "<group>"; };
		7DE0F9602903AD6B00D08613 /* HPRTMPExampleApp.swift */ = {isa = PBXFileReference; lastKnownFileType = sourcecode.swift; path = HPRTMPExampleApp.swift; sourceTree = "<group>"; };
		7DE0F9612903AD6B00D08613 /* ContentView.swift */ = {isa = PBXFileReference; lastKnownFileType = sourcecode.swift; path = ContentView.swift; sourceTree = "<group>"; };
		7DE0F9622903AD6C00D08613 /* Assets.xcassets */ = {isa = PBXFileReference; lastKnownFileType = folder.assetcatalog; path = Assets.xcassets; sourceTree = "<group>"; };
		7DE0F9672903AD6C00D08613 /* HPRTMPExample.app */ = {isa = PBXFileReference; explicitFileType = wrapper.application; includeInIndex = 0; path = HPRTMPExample.app; sourceTree = BUILT_PRODUCTS_DIR; };
		7DE0F96D2903AD6C00D08613 /* HPRTMPExample.app */ = {isa = PBXFileReference; explicitFileType = wrapper.application; includeInIndex = 0; path = HPRTMPExample.app; sourceTree = BUILT_PRODUCTS_DIR; };
		7DE0F96F2903AD6C00D08613 /* macOS.entitlements */ = {isa = PBXFileReference; lastKnownFileType = text.plist.entitlements; path = macOS.entitlements; sourceTree = "<group>"; };
		7DE0F9802903AE4100D08613 /* RTMPService.swift */ = {isa = PBXFileReference; lastKnownFileType = sourcecode.swift; path = RTMPService.swift; sourceTree = "<group>"; };
		7DE0F9842903AF0E00D08613 /* HPRTMP */ = {isa = PBXFileReference; lastKnownFileType = wrapper; name = HPRTMP; path = ../..; sourceTree = "<group>"; };
		DC3CA25F2A96370F00A7D558 /* cloud9.mp4 */ = {isa = PBXFileReference; lastKnownFileType = file; path = cloud9.mp4; sourceTree = "<group>"; };
		DC8708C72A45FE0800F8D483 /* MP4Reader.swift */ = {isa = PBXFileReference; lastKnownFileType = sourcecode.swift; path = MP4Reader.swift; sourceTree = "<group>"; };
/* End PBXFileReference section */

/* Begin PBXFrameworksBuildPhase section */
		7DE0F9642903AD6C00D08613 /* Frameworks */ = {
			isa = PBXFrameworksBuildPhase;
			buildActionMask = 2147483647;
			files = (
				7D1B00EF2903C3CD007FA9F4 /* HPRTMP in Frameworks */,
			);
			runOnlyForDeploymentPostprocessing = 0;
		};
		7DE0F96A2903AD6C00D08613 /* Frameworks */ = {
			isa = PBXFrameworksBuildPhase;
			buildActionMask = 2147483647;
			files = (
				7DE0F9862903AF5900D08613 /* HPRTMP in Frameworks */,
			);
			runOnlyForDeploymentPostprocessing = 0;
		};
/* End PBXFrameworksBuildPhase section */

/* Begin PBXGroup section */
		7DE0F95A2903AD6B00D08613 = {
			isa = PBXGroup;
			children = (
				7D1B00F02903C41D007FA9F4 /* HPRTMPExample--iOS--Info.plist */,
				7DE0F97E2903AE2600D08613 /* Packages */,
				7DE0F95F2903AD6B00D08613 /* Shared */,
				7DE0F96E2903AD6C00D08613 /* macOS */,
				7DE0F9682903AD6C00D08613 /* Products */,
				7DE0F9832903AE8D00D08613 /* Frameworks */,
			);
			sourceTree = "<group>";
		};
		7DE0F95F2903AD6B00D08613 /* Shared */ = {
			isa = PBXGroup;
			children = (
				DC3CA25F2A96370F00A7D558 /* cloud9.mp4 */,
				7DE0F9602903AD6B00D08613 /* HPRTMPExampleApp.swift */,
				7DE0F9612903AD6B00D08613 /* ContentView.swift */,
				DC8708C72A45FE0800F8D483 /* MP4Reader.swift */,
				7DE0F9802903AE4100D08613 /* RTMPService.swift */,
				7DE0F9622903AD6C00D08613 /* Assets.xcassets */,
				7D8EE5422A49B7D8008E359E /* Help.swift */,
			);
			path = Shared;
			sourceTree = "<group>";
		};
		7DE0F9682903AD6C00D08613 /* Products */ = {
			isa = PBXGroup;
			children = (
				7DE0F9672903AD6C00D08613 /* HPRTMPExample.app */,
				7DE0F96D2903AD6C00D08613 /* HPRTMPExample.app */,
			);
			name = Products;
			sourceTree = "<group>";
		};
		7DE0F96E2903AD6C00D08613 /* macOS */ = {
			isa = PBXGroup;
			children = (
				7DE0F96F2903AD6C00D08613 /* macOS.entitlements */,
			);
			path = macOS;
			sourceTree = "<group>";
		};
		7DE0F97E2903AE2600D08613 /* Packages */ = {
			isa = PBXGroup;
			children = (
				7DE0F9842903AF0E00D08613 /* HPRTMP */,
			);
			name = Packages;
			sourceTree = "<group>";
		};
		7DE0F9832903AE8D00D08613 /* Frameworks */ = {
			isa = PBXGroup;
			children = (
			);
			name = Frameworks;
			sourceTree = "<group>";
		};
/* End PBXGroup section */

/* Begin PBXNativeTarget section */
		7DE0F9662903AD6C00D08613 /* HPRTMPExample (iOS) */ = {
			isa = PBXNativeTarget;
			buildConfigurationList = 7DE0F9782903AD6C00D08613 /* Build configuration list for PBXNativeTarget "HPRTMPExample (iOS)" */;
			buildPhases = (
				7DE0F9632903AD6C00D08613 /* Sources */,
				7DE0F9642903AD6C00D08613 /* Frameworks */,
				7DE0F9652903AD6C00D08613 /* Resources */,
			);
			buildRules = (
			);
			dependencies = (
			);
			name = "HPRTMPExample (iOS)";
			packageProductDependencies = (
				7D1B00EE2903C3CD007FA9F4 /* HPRTMP */,
			);
			productName = "HPRTMPExample (iOS)";
			productReference = 7DE0F9672903AD6C00D08613 /* HPRTMPExample.app */;
			productType = "com.apple.product-type.application";
		};
		7DE0F96C2903AD6C00D08613 /* HPRTMPExample (macOS) */ = {
			isa = PBXNativeTarget;
			buildConfigurationList = 7DE0F97B2903AD6C00D08613 /* Build configuration list for PBXNativeTarget "HPRTMPExample (macOS)" */;
			buildPhases = (
				7DE0F9692903AD6C00D08613 /* Sources */,
				7DE0F96A2903AD6C00D08613 /* Frameworks */,
				7DE0F96B2903AD6C00D08613 /* Resources */,
			);
			buildRules = (
			);
			dependencies = (
			);
			name = "HPRTMPExample (macOS)";
			packageProductDependencies = (
				7DE0F9852903AF5900D08613 /* HPRTMP */,
			);
			productName = "HPRTMPExample (macOS)";
			productReference = 7DE0F96D2903AD6C00D08613 /* HPRTMPExample.app */;
			productType = "com.apple.product-type.application";
		};
/* End PBXNativeTarget section */

/* Begin PBXProject section */
		7DE0F95B2903AD6B00D08613 /* Project object */ = {
			isa = PBXProject;
			attributes = {
				BuildIndependentTargetsInParallel = 1;
				LastSwiftUpdateCheck = 1340;
				LastUpgradeCheck = 1340;
				TargetAttributes = {
					7DE0F9662903AD6C00D08613 = {
						CreatedOnToolsVersion = 13.4.1;
					};
					7DE0F96C2903AD6C00D08613 = {
						CreatedOnToolsVersion = 13.4.1;
					};
				};
			};
			buildConfigurationList = 7DE0F95E2903AD6B00D08613 /* Build configuration list for PBXProject "HPRTMPExample" */;
			compatibilityVersion = "Xcode 13.0";
			developmentRegion = en;
			hasScannedForEncodings = 0;
			knownRegions = (
				en,
				Base,
			);
			mainGroup = 7DE0F95A2903AD6B00D08613;
			productRefGroup = 7DE0F9682903AD6C00D08613 /* Products */;
			projectDirPath = "";
			projectRoot = "";
			targets = (
				7DE0F9662903AD6C00D08613 /* HPRTMPExample (iOS) */,
				7DE0F96C2903AD6C00D08613 /* HPRTMPExample (macOS) */,
			);
		};
/* End PBXProject section */

/* Begin PBXResourcesBuildPhase section */
		7DE0F9652903AD6C00D08613 /* Resources */ = {
			isa = PBXResourcesBuildPhase;
			buildActionMask = 2147483647;
			files = (
				7DE0F9742903AD6C00D08613 /* Assets.xcassets in Resources */,
				DC3CA2602A96370F00A7D558 /* cloud9.mp4 in Resources */,
			);
			runOnlyForDeploymentPostprocessing = 0;
		};
		7DE0F96B2903AD6C00D08613 /* Resources */ = {
			isa = PBXResourcesBuildPhase;
			buildActionMask = 2147483647;
			files = (
				7DE0F9752903AD6C00D08613 /* Assets.xcassets in Resources */,
				DC3CA2612A96370F00A7D558 /* cloud9.mp4 in Resources */,
			);
			runOnlyForDeploymentPostprocessing = 0;
		};
/* End PBXResourcesBuildPhase section */

/* Begin PBXSourcesBuildPhase section */
		7DE0F9632903AD6C00D08613 /* Sources */ = {
			isa = PBXSourcesBuildPhase;
			buildActionMask = 2147483647;
			files = (
				7DE0F9812903AE4100D08613 /* RTMPService.swift in Sources */,
				7DE0F9722903AD6C00D08613 /* ContentView.swift in Sources */,
				7D8EE5432A49B7D8008E359E /* Help.swift in Sources */,
				DC8708CC2A46087700F8D483 /* MP4Reader.swift in Sources */,
				7DE0F9702903AD6C00D08613 /* HPRTMPExampleApp.swift in Sources */,
			);
			runOnlyForDeploymentPostprocessing = 0;
		};
		7DE0F9692903AD6C00D08613 /* Sources */ = {
			isa = PBXSourcesBuildPhase;
			buildActionMask = 2147483647;
			files = (
				DC8708C82A45FE0800F8D483 /* MP4Reader.swift in Sources */,
				7DE0F9822903AE4100D08613 /* RTMPService.swift in Sources */,
				7D8EE5442A49B7D8008E359E /* Help.swift in Sources */,
				7DE0F9732903AD6C00D08613 /* ContentView.swift in Sources */,
				7DE0F9712903AD6C00D08613 /* HPRTMPExampleApp.swift in Sources */,
			);
			runOnlyForDeploymentPostprocessing = 0;
		};
/* End PBXSourcesBuildPhase section */

/* Begin XCBuildConfiguration section */
		7DE0F9762903AD6C00D08613 /* Debug */ = {
			isa = XCBuildConfiguration;
			buildSettings = {
				ALWAYS_SEARCH_USER_PATHS = NO;
				CLANG_ANALYZER_NONNULL = YES;
				CLANG_ANALYZER_NUMBER_OBJECT_CONVERSION = YES_AGGRESSIVE;
				CLANG_CXX_LANGUAGE_STANDARD = "gnu++17";
				CLANG_ENABLE_MODULES = YES;
				CLANG_ENABLE_OBJC_ARC = YES;
				CLANG_ENABLE_OBJC_WEAK = YES;
				CLANG_WARN_BLOCK_CAPTURE_AUTORELEASING = YES;
				CLANG_WARN_BOOL_CONVERSION = YES;
				CLANG_WARN_COMMA = YES;
				CLANG_WARN_CONSTANT_CONVERSION = YES;
				CLANG_WARN_DEPRECATED_OBJC_IMPLEMENTATIONS = YES;
				CLANG_WARN_DIRECT_OBJC_ISA_USAGE = YES_ERROR;
				CLANG_WARN_DOCUMENTATION_COMMENTS = YES;
				CLANG_WARN_EMPTY_BODY = YES;
				CLANG_WARN_ENUM_CONVERSION = YES;
				CLANG_WARN_INFINITE_RECURSION = YES;
				CLANG_WARN_INT_CONVERSION = YES;
				CLANG_WARN_NON_LITERAL_NULL_CONVERSION = YES;
				CLANG_WARN_OBJC_IMPLICIT_RETAIN_SELF = YES;
				CLANG_WARN_OBJC_LITERAL_CONVERSION = YES;
				CLANG_WARN_OBJC_ROOT_CLASS = YES_ERROR;
				CLANG_WARN_QUOTED_INCLUDE_IN_FRAMEWORK_HEADER = YES;
				CLANG_WARN_RANGE_LOOP_ANALYSIS = YES;
				CLANG_WARN_STRICT_PROTOTYPES = YES;
				CLANG_WARN_SUSPICIOUS_MOVE = YES;
				CLANG_WARN_UNGUARDED_AVAILABILITY = YES_AGGRESSIVE;
				CLANG_WARN_UNREACHABLE_CODE = YES;
				CLANG_WARN__DUPLICATE_METHOD_MATCH = YES;
				COPY_PHASE_STRIP = NO;
				DEBUG_INFORMATION_FORMAT = dwarf;
				ENABLE_STRICT_OBJC_MSGSEND = YES;
				ENABLE_TESTABILITY = YES;
				GCC_C_LANGUAGE_STANDARD = gnu11;
				GCC_DYNAMIC_NO_PIC = NO;
				GCC_NO_COMMON_BLOCKS = YES;
				GCC_OPTIMIZATION_LEVEL = 0;
				GCC_PREPROCESSOR_DEFINITIONS = (
					"DEBUG=1",
					"$(inherited)",
				);
				GCC_WARN_64_TO_32_BIT_CONVERSION = YES;
				GCC_WARN_ABOUT_RETURN_TYPE = YES_ERROR;
				GCC_WARN_UNDECLARED_SELECTOR = YES;
				GCC_WARN_UNINITIALIZED_AUTOS = YES_AGGRESSIVE;
				GCC_WARN_UNUSED_FUNCTION = YES;
				GCC_WARN_UNUSED_VARIABLE = YES;
				MTL_ENABLE_DEBUG_INFO = INCLUDE_SOURCE;
				MTL_FAST_MATH = YES;
				ONLY_ACTIVE_ARCH = YES;
				SWIFT_ACTIVE_COMPILATION_CONDITIONS = DEBUG;
				SWIFT_OPTIMIZATION_LEVEL = "-Onone";
			};
			name = Debug;
		};
		7DE0F9772903AD6C00D08613 /* Release */ = {
			isa = XCBuildConfiguration;
			buildSettings = {
				ALWAYS_SEARCH_USER_PATHS = NO;
				CLANG_ANALYZER_NONNULL = YES;
				CLANG_ANALYZER_NUMBER_OBJECT_CONVERSION = YES_AGGRESSIVE;
				CLANG_CXX_LANGUAGE_STANDARD = "gnu++17";
				CLANG_ENABLE_MODULES = YES;
				CLANG_ENABLE_OBJC_ARC = YES;
				CLANG_ENABLE_OBJC_WEAK = YES;
				CLANG_WARN_BLOCK_CAPTURE_AUTORELEASING = YES;
				CLANG_WARN_BOOL_CONVERSION = YES;
				CLANG_WARN_COMMA = YES;
				CLANG_WARN_CONSTANT_CONVERSION = YES;
				CLANG_WARN_DEPRECATED_OBJC_IMPLEMENTATIONS = YES;
				CLANG_WARN_DIRECT_OBJC_ISA_USAGE = YES_ERROR;
				CLANG_WARN_DOCUMENTATION_COMMENTS = YES;
				CLANG_WARN_EMPTY_BODY = YES;
				CLANG_WARN_ENUM_CONVERSION = YES;
				CLANG_WARN_INFINITE_RECURSION = YES;
				CLANG_WARN_INT_CONVERSION = YES;
				CLANG_WARN_NON_LITERAL_NULL_CONVERSION = YES;
				CLANG_WARN_OBJC_IMPLICIT_RETAIN_SELF = YES;
				CLANG_WARN_OBJC_LITERAL_CONVERSION = YES;
				CLANG_WARN_OBJC_ROOT_CLASS = YES_ERROR;
				CLANG_WARN_QUOTED_INCLUDE_IN_FRAMEWORK_HEADER = YES;
				CLANG_WARN_RANGE_LOOP_ANALYSIS = YES;
				CLANG_WARN_STRICT_PROTOTYPES = YES;
				CLANG_WARN_SUSPICIOUS_MOVE = YES;
				CLANG_WARN_UNGUARDED_AVAILABILITY = YES_AGGRESSIVE;
				CLANG_WARN_UNREACHABLE_CODE = YES;
				CLANG_WARN__DUPLICATE_METHOD_MATCH = YES;
				COPY_PHASE_STRIP = NO;
				DEBUG_INFORMATION_FORMAT = "dwarf-with-dsym";
				ENABLE_NS_ASSERTIONS = NO;
				ENABLE_STRICT_OBJC_MSGSEND = YES;
				GCC_C_LANGUAGE_STANDARD = gnu11;
				GCC_NO_COMMON_BLOCKS = YES;
				GCC_WARN_64_TO_32_BIT_CONVERSION = YES;
				GCC_WARN_ABOUT_RETURN_TYPE = YES_ERROR;
				GCC_WARN_UNDECLARED_SELECTOR = YES;
				GCC_WARN_UNINITIALIZED_AUTOS = YES_AGGRESSIVE;
				GCC_WARN_UNUSED_FUNCTION = YES;
				GCC_WARN_UNUSED_VARIABLE = YES;
				MTL_ENABLE_DEBUG_INFO = NO;
				MTL_FAST_MATH = YES;
				SWIFT_COMPILATION_MODE = wholemodule;
				SWIFT_OPTIMIZATION_LEVEL = "-O";
			};
			name = Release;
		};
		7DE0F9792903AD6C00D08613 /* Debug */ = {
			isa = XCBuildConfiguration;
			buildSettings = {
				ASSETCATALOG_COMPILER_APPICON_NAME = AppIcon;
				ASSETCATALOG_COMPILER_GLOBAL_ACCENT_COLOR_NAME = AccentColor;
				CODE_SIGN_STYLE = Automatic;
				CURRENT_PROJECT_VERSION = 1;
				DEVELOPMENT_TEAM = Q2N4A2LNJ8;
				ENABLE_PREVIEWS = YES;
				GENERATE_INFOPLIST_FILE = YES;
				INFOPLIST_FILE = "HPRTMPExample--iOS--Info.plist";
				INFOPLIST_KEY_UIApplicationSceneManifest_Generation = YES;
				INFOPLIST_KEY_UIApplicationSupportsIndirectInputEvents = YES;
				INFOPLIST_KEY_UILaunchScreen_Generation = YES;
				INFOPLIST_KEY_UISupportedInterfaceOrientations_iPad = "UIInterfaceOrientationPortrait UIInterfaceOrientationPortraitUpsideDown UIInterfaceOrientationLandscapeLeft UIInterfaceOrientationLandscapeRight";
				INFOPLIST_KEY_UISupportedInterfaceOrientations_iPhone = "UIInterfaceOrientationPortrait UIInterfaceOrientationLandscapeLeft UIInterfaceOrientationLandscapeRight";
				IPHONEOS_DEPLOYMENT_TARGET = 15.5;
				LD_RUNPATH_SEARCH_PATHS = (
					"$(inherited)",
					"@executable_path/Frameworks",
				);
				MARKETING_VERSION = 1.0;
				PRODUCT_BUNDLE_IDENTIFIER = cn.huiping192.HPRTMPExample;
				PRODUCT_NAME = HPRTMPExample;
				SDKROOT = iphoneos;
				SWIFT_EMIT_LOC_STRINGS = YES;
				SWIFT_VERSION = 5.0;
				TARGETED_DEVICE_FAMILY = "1,2";
			};
			name = Debug;
		};
		7DE0F97A2903AD6C00D08613 /* Release */ = {
			isa = XCBuildConfiguration;
			buildSettings = {
				ASSETCATALOG_COMPILER_APPICON_NAME = AppIcon;
				ASSETCATALOG_COMPILER_GLOBAL_ACCENT_COLOR_NAME = AccentColor;
				CODE_SIGN_STYLE = Automatic;
				CURRENT_PROJECT_VERSION = 1;
				DEVELOPMENT_TEAM = Q2N4A2LNJ8;
				ENABLE_PREVIEWS = YES;
				GENERATE_INFOPLIST_FILE = YES;
				INFOPLIST_FILE = "HPRTMPExample--iOS--Info.plist";
				INFOPLIST_KEY_UIApplicationSceneManifest_Generation = YES;
				INFOPLIST_KEY_UIApplicationSupportsIndirectInputEvents = YES;
				INFOPLIST_KEY_UILaunchScreen_Generation = YES;
				INFOPLIST_KEY_UISupportedInterfaceOrientations_iPad = "UIInterfaceOrientationPortrait UIInterfaceOrientationPortraitUpsideDown UIInterfaceOrientationLandscapeLeft UIInterfaceOrientationLandscapeRight";
				INFOPLIST_KEY_UISupportedInterfaceOrientations_iPhone = "UIInterfaceOrientationPortrait UIInterfaceOrientationLandscapeLeft UIInterfaceOrientationLandscapeRight";
				IPHONEOS_DEPLOYMENT_TARGET = 15.5;
				LD_RUNPATH_SEARCH_PATHS = (
					"$(inherited)",
					"@executable_path/Frameworks",
				);
				MARKETING_VERSION = 1.0;
				PRODUCT_BUNDLE_IDENTIFIER = cn.huiping192.HPRTMPExample;
				PRODUCT_NAME = HPRTMPExample;
				SDKROOT = iphoneos;
				SWIFT_EMIT_LOC_STRINGS = YES;
				SWIFT_VERSION = 5.0;
				TARGETED_DEVICE_FAMILY = "1,2";
				VALIDATE_PRODUCT = YES;
			};
			name = Release;
		};
		7DE0F97C2903AD6C00D08613 /* Debug */ = {
			isa = XCBuildConfiguration;
			buildSettings = {
				ASSETCATALOG_COMPILER_APPICON_NAME = AppIcon;
				ASSETCATALOG_COMPILER_GLOBAL_ACCENT_COLOR_NAME = AccentColor;
				CODE_SIGN_ENTITLEMENTS = macOS/macOS.entitlements;
				CODE_SIGN_IDENTITY = "Apple Development";
				CODE_SIGN_STYLE = Automatic;
				COMBINE_HIDPI_IMAGES = YES;
				CURRENT_PROJECT_VERSION = 1;
				DEVELOPMENT_TEAM = Q2N4A2LNJ8;
				ENABLE_PREVIEWS = YES;
				GENERATE_INFOPLIST_FILE = YES;
				INFOPLIST_KEY_NSHumanReadableCopyright = "";
				LD_RUNPATH_SEARCH_PATHS = (
					"$(inherited)",
					"@executable_path/../Frameworks",
				);
				MACOSX_DEPLOYMENT_TARGET = 12.3;
				MARKETING_VERSION = 1.0;
				PRODUCT_BUNDLE_IDENTIFIER = com.huiping.HPRTMPExample;
				PRODUCT_NAME = HPRTMPExample;
				SDKROOT = macosx;
				SWIFT_EMIT_LOC_STRINGS = YES;
				SWIFT_VERSION = 5.0;
			};
			name = Debug;
		};
		7DE0F97D2903AD6C00D08613 /* Release */ = {
			isa = XCBuildConfiguration;
			buildSettings = {
				ASSETCATALOG_COMPILER_APPICON_NAME = AppIcon;
				ASSETCATALOG_COMPILER_GLOBAL_ACCENT_COLOR_NAME = AccentColor;
				CODE_SIGN_ENTITLEMENTS = macOS/macOS.entitlements;
				CODE_SIGN_IDENTITY = "Apple Development";
				CODE_SIGN_STYLE = Automatic;
				COMBINE_HIDPI_IMAGES = YES;
				CURRENT_PROJECT_VERSION = 1;
				ENABLE_PREVIEWS = YES;
				GENERATE_INFOPLIST_FILE = YES;
				INFOPLIST_KEY_NSHumanReadableCopyright = "";
				LD_RUNPATH_SEARCH_PATHS = (
					"$(inherited)",
					"@executable_path/../Frameworks",
				);
				MACOSX_DEPLOYMENT_TARGET = 12.3;
				MARKETING_VERSION = 1.0;
				PRODUCT_BUNDLE_IDENTIFIER = cn.huiping192.HPRTMPExample;
				PRODUCT_NAME = HPRTMPExample;
				SDKROOT = macosx;
				SWIFT_EMIT_LOC_STRINGS = YES;
				SWIFT_VERSION = 5.0;
			};
			name = Release;
		};
/* End XCBuildConfiguration section */

/* Begin XCConfigurationList section */
		7DE0F95E2903AD6B00D08613 /* Build configuration list for PBXProject "HPRTMPExample" */ = {
			isa = XCConfigurationList;
			buildConfigurations = (
				7DE0F9762903AD6C00D08613 /* Debug */,
				7DE0F9772903AD6C00D08613 /* Release */,
			);
			defaultConfigurationIsVisible = 0;
			defaultConfigurationName = Release;
		};
		7DE0F9782903AD6C00D08613 /* Build configuration list for PBXNativeTarget "HPRTMPExample (iOS)" */ = {
			isa = XCConfigurationList;
			buildConfigurations = (
				7DE0F9792903AD6C00D08613 /* Debug */,
				7DE0F97A2903AD6C00D08613 /* Release */,
			);
			defaultConfigurationIsVisible = 0;
			defaultConfigurationName = Release;
		};
		7DE0F97B2903AD6C00D08613 /* Build configuration list for PBXNativeTarget "HPRTMPExample (macOS)" */ = {
			isa = XCConfigurationList;
			buildConfigurations = (
				7DE0F97C2903AD6C00D08613 /* Debug */,
				7DE0F97D2903AD6C00D08613 /* Release */,
			);
			defaultConfigurationIsVisible = 0;
			defaultConfigurationName = Release;
		};
/* End XCConfigurationList section */

/* Begin XCSwiftPackageProductDependency section */
		7D1B00EE2903C3CD007FA9F4 /* HPRTMP */ = {
			isa = XCSwiftPackageProductDependency;
			productName = HPRTMP;
		};
		7DE0F9852903AF5900D08613 /* HPRTMP */ = {
			isa = XCSwiftPackageProductDependency;
			productName = HPRTMP;
		};
/* End XCSwiftPackageProductDependency section */
	};
	rootObject = 7DE0F95B2903AD6B00D08613 /* Project object */;
}
